
Microsoft Visual Studio Solution File, Format Version 12.00
# Visual Studio Version 17
VisualStudioVersion = 17.8.34330.188
MinimumVisualStudioVersion = 10.0.40219.1
Project("{FAE04EC0-301F-11D3-BF4B-00C04F79EFBC}") = "exam c# oop 2", "exam c# oop 2\exam c# oop 2.csproj", "{BB8D15EF-B8CC-49FE-8AA9-862C38E535E8}"
EndProject
Global
	GlobalSection(SolutionConfigurationPlatforms) = preSolution
		Debug|Any CPU = Debug|Any CPU
		Release|Any CPU = Release|Any CPU
	EndGlobalSection
	GlobalSection(ProjectConfigurationPlatforms) = postSolution
		{BB8D15EF-B8CC-49FE-8AA9-862C38E535E8}.Debug|Any CPU.ActiveCfg = Debug|Any CPU
		{BB8D15EF-B8CC-49FE-8AA9-862C38E535E8}.Debug|Any CPU.Build.0 = Debug|Any CPU
		{BB8D15EF-B8CC-49FE-8AA9-862C38E535E8}.Release|Any CPU.ActiveCfg = Release|Any CPU
		{BB8D15EF-B8CC-49FE-8AA9-862C38E535E8}.Release|Any CPU.Build.0 = Release|Any CPU
	EndGlobalSection
	GlobalSection(SolutionProperties) = preSolution
		HideSolutionNode = FALSE
	EndGlobalSection
	GlobalSection(ExtensibilityGlobals) = postSolution
		SolutionGuid = {10EADE47-D22B-4CCF-BA24-E333B3316B76}
	EndGlobalSection
EndGlobal
